// !$*UTF8*$!
{
	archiveVersion = 1;
	classes = {
	};
	objectVersion = 54;
	objects = {

/* Begin PBXBuildFile section */
		0F30EC8CC6DC817E95748359 /* Theme.swift in Sources */ = {isa = PBXBuildFile; fileRef = C3D838EA20F9D9EE48B7E714 /* Theme.swift */; };
		1BCC4EE0C990B85D2DC1D1A0 /* ExportService.swift in Sources */ = {isa = PBXBuildFile; fileRef = 7B42A2A364CA0F69EDDF273C /* ExportService.swift */; };
		3C41340A60CB4C32213E51B4 /* MenuBarController.swift in Sources */ = {isa = PBXBuildFile; fileRef = 32BCF460EE7457C82A789AE0 /* MenuBarController.swift */; };
		4E420A18A3C226B7390E5351 /* HotKeyManager.swift in Sources */ = {isa = PBXBuildFile; fileRef = A4B8A16A02F0D4569D1E23FC /* HotKeyManager.swift */; };
		7017EDFFBBBA187765E2945A /* SettingsStore.swift in Sources */ = {isa = PBXBuildFile; fileRef = D1C4A2CAE47560AF207D0E82 /* SettingsStore.swift */; };
		7490C34381B6FE128DC3C805 /* AnnotationService.swift in Sources */ = {isa = PBXBuildFile; fileRef = 9DCE4825E59E9B2F422D37CA /* AnnotationService.swift */; };
		7C41CA2F387E445268A39E1D /* main.swift in Sources */ = {isa = PBXBuildFile; fileRef = 387C6A098AE32BE043BE9477 /* main.swift */; };
		B98E8745E9981FFE77D3AA8D /* AppDelegate.swift in Sources */ = {isa = PBXBuildFile; fileRef = 776BF17670D69F76ACBA9FB4 /* AppDelegate.swift */; };
		EB04B31650A0936DA1257862 /* ShortcutRecorderView.swift in Sources */ = {isa = PBXBuildFile; fileRef = 41C5D95333A4D0C9DEE70AB2 /* ShortcutRecorderView.swift */; };
/* End PBXBuildFile section */

/* Begin PBXFileReference section */
		1E24E6E0FAB593AD8A0A16F1 /* Mark.app */ = {isa = PBXFileReference; explicitFileType = wrapper.application; includeInIndex = 0; path = Mark.app; sourceTree = BUILT_PRODUCTS_DIR; };
		32BCF460EE7457C82A789AE0 /* MenuBarController.swift */ = {isa = PBXFileReference; lastKnownFileType = sourcecode.swift; path = MenuBarController.swift; sourceTree = "<group>"; };
		3363761D86289620303793DE /* Mark.entitlements */ = {isa = PBXFileReference; lastKnownFileType = text.plist.entitlements; path = Mark.entitlements; sourceTree = "<group>"; };
		387C6A098AE32BE043BE9477 /* main.swift */ = {isa = PBXFileReference; lastKnownFileType = sourcecode.swift; path = main.swift; sourceTree = "<group>"; };
		3C2AC6F09B7AA4D77EBDE604 /* Info.plist */ = {isa = PBXFileReference; lastKnownFileType = text.plist; path = Info.plist; sourceTree = "<group>"; };
		41C5D95333A4D0C9DEE70AB2 /* ShortcutRecorderView.swift */ = {isa = PBXFileReference; lastKnownFileType = sourcecode.swift; path = ShortcutRecorderView.swift; sourceTree = "<group>"; };
		776BF17670D69F76ACBA9FB4 /* AppDelegate.swift */ = {isa = PBXFileReference; lastKnownFileType = sourcecode.swift; path = AppDelegate.swift; sourceTree = "<group>"; };
		7B42A2A364CA0F69EDDF273C /* ExportService.swift */ = {isa = PBXFileReference; lastKnownFileType = sourcecode.swift; path = ExportService.swift; sourceTree = "<group>"; };
		9DCE4825E59E9B2F422D37CA /* AnnotationService.swift */ = {isa = PBXFileReference; lastKnownFileType = sourcecode.swift; path = AnnotationService.swift; sourceTree = "<group>"; };
		A4B8A16A02F0D4569D1E23FC /* HotKeyManager.swift */ = {isa = PBXFileReference; lastKnownFileType = sourcecode.swift; path = HotKeyManager.swift; sourceTree = "<group>"; };
		C3D838EA20F9D9EE48B7E714 /* Theme.swift */ = {isa = PBXFileReference; lastKnownFileType = sourcecode.swift; path = Theme.swift; sourceTree = "<group>"; };
		D1C4A2CAE47560AF207D0E82 /* SettingsStore.swift */ = {isa = PBXFileReference; lastKnownFileType = sourcecode.swift; path = SettingsStore.swift; sourceTree = "<group>"; };
/* End PBXFileReference section */

/* Begin PBXGroup section */
		2004C2436CF2F885A748A4C9 = {
			isa = PBXGroup;
			children = (
				2DDB0083D8415570075AA3D0 /* Sources */,
				2AB47B7281B23E9A3E89C7DD /* Products */,
			);
			sourceTree = "<group>";
		};
		2AB47B7281B23E9A3E89C7DD /* Products */ = {
			isa = PBXGroup;
			children = (
				1E24E6E0FAB593AD8A0A16F1 /* Mark.app */,
			);
			name = Products;
			sourceTree = "<group>";
		};
		2DDB0083D8415570075AA3D0 /* Sources */ = {
			isa = PBXGroup;
			children = (
				9DCE4825E59E9B2F422D37CA /* AnnotationService.swift */,
				776BF17670D69F76ACBA9FB4 /* AppDelegate.swift */,
				7B42A2A364CA0F69EDDF273C /* ExportService.swift */,
				A4B8A16A02F0D4569D1E23FC /* HotKeyManager.swift */,
				3C2AC6F09B7AA4D77EBDE604 /* Info.plist */,
				387C6A098AE32BE043BE9477 /* main.swift */,
				3363761D86289620303793DE /* Mark.entitlements */,
				32BCF460EE7457C82A789AE0 /* MenuBarController.swift */,
				D1C4A2CAE47560AF207D0E82 /* SettingsStore.swift */,
				41C5D95333A4D0C9DEE70AB2 /* ShortcutRecorderView.swift */,
				C3D838EA20F9D9EE48B7E714 /* Theme.swift */,
			);
			path = Sources;
			sourceTree = "<group>";
		};
/* End PBXGroup section */

/* Begin PBXNativeTarget section */
		97F16661D87E242A6AB19429 /* Mark */ = {
			isa = PBXNativeTarget;
			buildConfigurationList = 985D5D8059B24416D564B280 /* Build configuration list for PBXNativeTarget "Mark" */;
			buildPhases = (
				A8AE6A983E32F287F062D7CD /* Sources */,
			);
			buildRules = (
			);
			dependencies = (
			);
			name = Mark;
			productName = Mark;
			productReference = 1E24E6E0FAB593AD8A0A16F1 /* Mark.app */;
			productType = "com.apple.product-type.application";
		};
/* End PBXNativeTarget section */

/* Begin PBXProject section */
		0C51B10989F2DFBB9934ACA7 /* Project object */ = {
			isa = PBXProject;
			attributes = {
				BuildIndependentTargetsInParallel = YES;
				LastUpgradeCheck = 1500;
				TargetAttributes = {
					97F16661D87E242A6AB19429 = {
						ProvisioningStyle = Automatic;
					};
				};
			};
			buildConfigurationList = B0AB7F535345C10F767384D5 /* Build configuration list for PBXProject "Mark" */;
			compatibilityVersion = "Xcode 14.0";
			developmentRegion = en;
			hasScannedForEncodings = 0;
			knownRegions = (
				Base,
				en,
			);
			mainGroup = 2004C2436CF2F885A748A4C9;
			projectDirPath = "";
			projectRoot = "";
			targets = (
				97F16661D87E242A6AB19429 /* Mark */,
			);
		};
/* End PBXProject section */

/* Begin PBXSourcesBuildPhase section */
		A8AE6A983E32F287F062D7CD /* Sources */ = {
			isa = PBXSourcesBuildPhase;
			buildActionMask = 2147483647;
			files = (
				7490C34381B6FE128DC3C805 /* AnnotationService.swift in Sources */,
				B98E8745E9981FFE77D3AA8D /* AppDelegate.swift in Sources */,
				1BCC4EE0C990B85D2DC1D1A0 /* ExportService.swift in Sources */,
				4E420A18A3C226B7390E5351 /* HotKeyManager.swift in Sources */,
				3C41340A60CB4C32213E51B4 /* MenuBarController.swift in Sources */,
				7017EDFFBBBA187765E2945A /* SettingsStore.swift in Sources */,
				EB04B31650A0936DA1257862 /* ShortcutRecorderView.swift in Sources */,
				0F30EC8CC6DC817E95748359 /* Theme.swift in Sources */,
				7C41CA2F387E445268A39E1D /* main.swift in Sources */,
			);
			runOnlyForDeploymentPostprocessing = 0;
		};
/* End PBXSourcesBuildPhase section */

/* Begin XCBuildConfiguration section */
		4E499FCC1EF73B8147373656 /* Debug */ = {
			isa = XCBuildConfiguration;
			buildSettings = {
				ALWAYS_SEARCH_USER_PATHS = NO;
				CLANG_ANALYZER_NONNULL = YES;
				CLANG_ANALYZER_NUMBER_OBJECT_CONVERSION = YES_AGGRESSIVE;
				CLANG_CXX_LANGUAGE_STANDARD = "gnu++14";
				CLANG_CXX_LIBRARY = "libc++";
				CLANG_ENABLE_MODULES = YES;
				CLANG_ENABLE_OBJC_ARC = YES;
				CLANG_ENABLE_OBJC_WEAK = YES;
				CLANG_WARN_BLOCK_CAPTURE_AUTORELEASING = YES;
				CLANG_WARN_BOOL_CONVERSION = YES;
				CLANG_WARN_COMMA = YES;
				CLANG_WARN_CONSTANT_CONVERSION = YES;
				CLANG_WARN_DEPRECATED_OBJC_IMPLEMENTATIONS = YES;
				CLANG_WARN_DIRECT_OBJC_ISA_USAGE = YES_ERROR;
				CLANG_WARN_DOCUMENTATION_COMMENTS = YES;
				CLANG_WARN_EMPTY_BODY = YES;
				CLANG_WARN_ENUM_CONVERSION = YES;
				CLANG_WARN_INFINITE_RECURSION = YES;
				CLANG_WARN_INT_CONVERSION = YES;
				CLANG_WARN_NON_LITERAL_NULL_CONVERSION = YES;
				CLANG_WARN_OBJC_IMPLICIT_RETAIN_SELF = YES;
				CLANG_WARN_OBJC_LITERAL_CONVERSION = YES;
				CLANG_WARN_OBJC_ROOT_CLASS = YES_ERROR;
				CLANG_WARN_QUOTED_INCLUDE_IN_FRAMEWORK_HEADER = YES;
				CLANG_WARN_RANGE_LOOP_ANALYSIS = YES;
				CLANG_WARN_STRICT_PROTOTYPES = YES;
				CLANG_WARN_SUSPICIOUS_MOVE = YES;
				CLANG_WARN_UNGUARDED_AVAILABILITY = YES_AGGRESSIVE;
				CLANG_WARN_UNREACHABLE_CODE = YES;
				CLANG_WARN__DUPLICATE_METHOD_MATCH = YES;
				CODE_SIGN_STYLE = Automatic;
				COMBINE_HIDPI_IMAGES = YES;
				COPY_PHASE_STRIP = NO;
				CURRENT_PROJECT_VERSION = 1;
				DEBUG_INFORMATION_FORMAT = dwarf;
				ENABLE_HARDENED_RUNTIME = YES;
				ENABLE_STRICT_OBJC_MSGSEND = YES;
				ENABLE_TESTABILITY = YES;
				GCC_C_LANGUAGE_STANDARD = gnu11;
				GCC_DYNAMIC_NO_PIC = NO;
				GCC_NO_COMMON_BLOCKS = YES;
				GCC_OPTIMIZATION_LEVEL = 0;
				GCC_PREPROCESSOR_DEFINITIONS = (
					"$(inherited)",
					"DEBUG=1",
				);
				GCC_WARN_64_TO_32_BIT_CONVERSION = YES;
				GCC_WARN_ABOUT_RETURN_TYPE = YES_ERROR;
				GCC_WARN_UNDECLARED_SELECTOR = YES;
				GCC_WARN_UNINITIALIZED_AUTOS = YES_AGGRESSIVE;
				GCC_WARN_UNUSED_FUNCTION = YES;
				GCC_WARN_UNUSED_VARIABLE = YES;
				MACOSX_DEPLOYMENT_TARGET = 13.0;
				MARKETING_VERSION = 1.0.0;
				MTL_ENABLE_DEBUG_INFO = INCLUDE_SOURCE;
				MTL_FAST_MATH = YES;
				ONLY_ACTIVE_ARCH = YES;
				PRODUCT_NAME = Mark;
				SDKROOT = macosx;
				SWIFT_ACTIVE_COMPILATION_CONDITIONS = DEBUG;
				SWIFT_OPTIMIZATION_LEVEL = "-Onone";
				SWIFT_VERSION = 5.9;
			};
			name = Debug;
		};
		67CAAE7164B57F0B4B67DB79 /* Release */ = {
			isa = XCBuildConfiguration;
			buildSettings = {
				ALWAYS_SEARCH_USER_PATHS = NO;
				CLANG_ANALYZER_NONNULL = YES;
				CLANG_ANALYZER_NUMBER_OBJECT_CONVERSION = YES_AGGRESSIVE;
				CLANG_CXX_LANGUAGE_STANDARD = "gnu++14";
				CLANG_CXX_LIBRARY = "libc++";
				CLANG_ENABLE_MODULES = YES;
				CLANG_ENABLE_OBJC_ARC = YES;
				CLANG_ENABLE_OBJC_WEAK = YES;
				CLANG_WARN_BLOCK_CAPTURE_AUTORELEASING = YES;
				CLANG_WARN_BOOL_CONVERSION = YES;
				CLANG_WARN_COMMA = YES;
				CLANG_WARN_CONSTANT_CONVERSION = YES;
				CLANG_WARN_DEPRECATED_OBJC_IMPLEMENTATIONS = YES;
				CLANG_WARN_DIRECT_OBJC_ISA_USAGE = YES_ERROR;
				CLANG_WARN_DOCUMENTATION_COMMENTS = YES;
				CLANG_WARN_EMPTY_BODY = YES;
				CLANG_WARN_ENUM_CONVERSION = YES;
				CLANG_WARN_INFINITE_RECURSION = YES;
				CLANG_WARN_INT_CONVERSION = YES;
				CLANG_WARN_NON_LITERAL_NULL_CONVERSION = YES;
				CLANG_WARN_OBJC_IMPLICIT_RETAIN_SELF = YES;
				CLANG_WARN_OBJC_LITERAL_CONVERSION = YES;
				CLANG_WARN_OBJC_ROOT_CLASS = YES_ERROR;
				CLANG_WARN_QUOTED_INCLUDE_IN_FRAMEWORK_HEADER = YES;
				CLANG_WARN_RANGE_LOOP_ANALYSIS = YES;
				CLANG_WARN_STRICT_PROTOTYPES = YES;
				CLANG_WARN_SUSPICIOUS_MOVE = YES;
				CLANG_WARN_UNGUARDED_AVAILABILITY = YES_AGGRESSIVE;
				CLANG_WARN_UNREACHABLE_CODE = YES;
				CLANG_WARN__DUPLICATE_METHOD_MATCH = YES;
				CODE_SIGN_STYLE = Automatic;
				COMBINE_HIDPI_IMAGES = YES;
				COPY_PHASE_STRIP = NO;
				CURRENT_PROJECT_VERSION = 1;
				DEBUG_INFORMATION_FORMAT = "dwarf-with-dsym";
				ENABLE_HARDENED_RUNTIME = YES;
				ENABLE_NS_ASSERTIONS = NO;
				ENABLE_STRICT_OBJC_MSGSEND = YES;
				GCC_C_LANGUAGE_STANDARD = gnu11;
				GCC_NO_COMMON_BLOCKS = YES;
				GCC_WARN_64_TO_32_BIT_CONVERSION = YES;
				GCC_WARN_ABOUT_RETURN_TYPE = YES_ERROR;
				GCC_WARN_UNDECLARED_SELECTOR = YES;
				GCC_WARN_UNINITIALIZED_AUTOS = YES_AGGRESSIVE;
				GCC_WARN_UNUSED_FUNCTION = YES;
				GCC_WARN_UNUSED_VARIABLE = YES;
				MACOSX_DEPLOYMENT_TARGET = 13.0;
				MARKETING_VERSION = 1.0.0;
				MTL_ENABLE_DEBUG_INFO = NO;
				MTL_FAST_MATH = YES;
				PRODUCT_NAME = Mark;
				SDKROOT = macosx;
				SWIFT_COMPILATION_MODE = wholemodule;
				SWIFT_OPTIMIZATION_LEVEL = "-O";
				SWIFT_VERSION = 5.9;
			};
			name = Release;
		};
		6CD2ED79A28C5E53B44E50D3 /* Debug */ = {
			isa = XCBuildConfiguration;
			buildSettings = {
				ASSETCATALOG_COMPILER_APPICON_NAME = AppIcon;
				CODE_SIGN_ENTITLEMENTS = Sources/Mark.entitlements;
				COMBINE_HIDPI_IMAGES = YES;
				INFOPLIST_FILE = Sources/Info.plist;
				LD_RUNPATH_SEARCH_PATHS = "@executable_path/../Frameworks";
				PRODUCT_BUNDLE_IDENTIFIER = com.mark.macos;
				SDKROOT = macosx;
			};
			name = Debug;
		};
		EBB316C04BAFA061E20A9E5A /* Release */ = {
			isa = XCBuildConfiguration;
			buildSettings = {
				ASSETCATALOG_COMPILER_APPICON_NAME = AppIcon;
				CODE_SIGN_ENTITLEMENTS = Sources/Mark.entitlements;
				COMBINE_HIDPI_IMAGES = YES;
				INFOPLIST_FILE = Sources/Info.plist;
				LD_RUNPATH_SEARCH_PATHS = "@executable_path/../Frameworks";
				PRODUCT_BUNDLE_IDENTIFIER = com.mark.macos;
				SDKROOT = macosx;
			};
			name = Release;
		};
/* End XCBuildConfiguration section */

/* Begin XCConfigurationList section */
		985D5D8059B24416D564B280 /* Build configuration list for PBXNativeTarget "Mark" */ = {
			isa = XCConfigurationList;
			buildConfigurations = (
				6CD2ED79A28C5E53B44E50D3 /* Debug */,
				EBB316C04BAFA061E20A9E5A /* Release */,
			);
			defaultConfigurationIsVisible = 0;
			defaultConfigurationName = Debug;
		};
		B0AB7F535345C10F767384D5 /* Build configuration list for PBXProject "Mark" */ = {
			isa = XCConfigurationList;
			buildConfigurations = (
				4E499FCC1EF73B8147373656 /* Debug */,
				67CAAE7164B57F0B4B67DB79 /* Release */,
			);
			defaultConfigurationIsVisible = 0;
			defaultConfigurationName = Debug;
		};
/* End XCConfigurationList section */
	};
	rootObject = 0C51B10989F2DFBB9934ACA7 /* Project object */;
}
