// !$*UTF8*$!
{
	archiveVersion = 1;
	classes = {
	};
	objectVersion = 54;
	objects = {

/* Begin PBXBuildFile section */
		0F30EC8CC6DC817E95748359 /* Theme.swift in Sources */ = {isa = PBXBuildFile; fileRef = C3D838EA20F9D9EE48B7E714 /* Theme.swift */; };
		1BCC4EE0C990B85D2DC1D1A0 /* ExportService.swift in Sources */ = {isa = PBXBuildFile; fileRef = 7B42A2A364CA0F69EDDF273C /* ExportService.swift */; };
		2E998E514703EC49FF3E2B3E /* PrivacyService.swift in Sources */ = {isa = PBXBuildFile; fileRef = 66F5E22F8CA7C51E9BC63DD6 /* PrivacyService.swift */; };
		2F7F58B024C4515444695A19 /* Assets.xcassets in Resources */ = {isa = PBXBuildFile; fileRef = F7C566F92305D14E9F8DC138 /* Assets.xcassets */; };
		31EEF6B86E926829D0892E3B /* Assets.xcassets in Resources */ = {isa = PBXBuildFile; fileRef = E3FA2E273FBEE9DF4C5B395C /* Assets.xcassets */; };
		3C41340A60CB4C32213E51B4 /* MenuBarController.swift in Sources */ = {isa = PBXBuildFile; fileRef = 32BCF460EE7457C82A789AE0 /* MenuBarController.swift */; };
		4CBE58BC814D3E0ADBD2A7BE /* ImgurUploader.swift in Sources */ = {isa = PBXBuildFile; fileRef = 619E05957901766D69564BFD /* ImgurUploader.swift */; };
		4E420A18A3C226B7390E5351 /* HotKeyManager.swift in Sources */ = {isa = PBXBuildFile; fileRef = A4B8A16A02F0D4569D1E23FC /* HotKeyManager.swift */; };
		5429ED6E6AD8FD7169C27B8F /* MarkIntents.swift in Sources */ = {isa = PBXBuildFile; fileRef = 3DC5D01B77591BBB4B8F2C84 /* MarkIntents.swift */; };
		60567623943DD7870B9BFC60 /* SubscriptionManager.swift in Sources */ = {isa = PBXBuildFile; fileRef = C4F163A3618530C13A51DDC1 /* SubscriptionManager.swift */; };
		60C82377DF7DA9ADC40B12D4 /* CloudExportService.swift in Sources */ = {isa = PBXBuildFile; fileRef = CFC074083C29A3F44B634A03 /* CloudExportService.swift */; };
		6FB2390FD2318F176123B95A /* MarkWidget.appex in Embed Foundation Extensions */ = {isa = PBXBuildFile; fileRef = 1495274203C80C425D39CACF /* MarkWidget.appex */; settings = {ATTRIBUTES = (RemoveHeadersOnCopy, ); }; };
		7017EDFFBBBA187765E2945A /* SettingsStore.swift in Sources */ = {isa = PBXBuildFile; fileRef = D1C4A2CAE47560AF207D0E82 /* SettingsStore.swift */; };
		7490C34381B6FE128DC3C805 /* AnnotationService.swift in Sources */ = {isa = PBXBuildFile; fileRef = 9DCE4825E59E9B2F422D37CA /* AnnotationService.swift */; };
		7A3A8797D38C33D93107DA5E /* ICloudSyncService.swift in Sources */ = {isa = PBXBuildFile; fileRef = C050D1DA1E80525AEE7898F7 /* ICloudSyncService.swift */; };
		7C41CA2F387E445268A39E1D /* main.swift in Sources */ = {isa = PBXBuildFile; fileRef = 387C6A098AE32BE043BE9477 /* main.swift */; };
		9365B220BB816CA5A97D3D68 /* Accessibility.swift in Sources */ = {isa = PBXBuildFile; fileRef = 72909691FBB3AEF978821C01 /* Accessibility.swift */; };
		AA17356EE186685CA983B210 /* OnboardingViewController.swift in Sources */ = {isa = PBXBuildFile; fileRef = D19C5250860C07AEC7EC1D6C /* OnboardingViewController.swift */; };
		AB8929C4A0E3EA0ADACD4A20 /* SubscriptionTier.swift in Sources */ = {isa = PBXBuildFile; fileRef = BA58B38677494EF463EFE85A /* SubscriptionTier.swift */; };
		B98E8745E9981FFE77D3AA8D /* AppDelegate.swift in Sources */ = {isa = PBXBuildFile; fileRef = 776BF17670D69F76ACBA9FB4 /* AppDelegate.swift */; };
		BDAC56852D1FA4B3064975CB /* Design.swift in Sources */ = {isa = PBXBuildFile; fileRef = A480231218C429E41D0BA956 /* Design.swift */; };
		CCB33D46C951446277CE7EE0 /* MarkR12R15.swift in Sources */ = {isa = PBXBuildFile; fileRef = A8643A5F07B0FF06F00E0F8D /* MarkR12R15.swift */; };
		D2EA435FDB228B3D26EB9A51 /* Localizable.strings in Resources */ = {isa = PBXBuildFile; fileRef = FCB3675A81505619A643984F /* Localizable.strings */; };
		EB04B31650A0936DA1257862 /* ShortcutRecorderView.swift in Sources */ = {isa = PBXBuildFile; fileRef = 41C5D95333A4D0C9DEE70AB2 /* ShortcutRecorderView.swift */; };
		FC0084C7DE56ECF0481EE7BE /* MarkWidget.swift in Sources */ = {isa = PBXBuildFile; fileRef = 0A39A77F89F1AD3E0739A85A /* MarkWidget.swift */; };
/* End PBXBuildFile section */

/* Begin PBXContainerItemProxy section */
		355A6466B35F1342EDF3DAB1 /* PBXContainerItemProxy */ = {
			isa = PBXContainerItemProxy;
			containerPortal = 0C51B10989F2DFBB9934ACA7 /* Project object */;
			proxyType = 1;
			remoteGlobalIDString = 48FC5AFF3DF260B5EFE9838C;
			remoteInfo = MarkWidget;
		};
/* End PBXContainerItemProxy section */

/* Begin PBXCopyFilesBuildPhase section */
		F541A09427FFDF7F272C42D5 /* Embed Foundation Extensions */ = {
			isa = PBXCopyFilesBuildPhase;
			buildActionMask = 2147483647;
			dstPath = "";
			dstSubfolderSpec = 13;
			files = (
				6FB2390FD2318F176123B95A /* MarkWidget.appex in Embed Foundation Extensions */,
			);
			name = "Embed Foundation Extensions";
			runOnlyForDeploymentPostprocessing = 0;
		};
/* End PBXCopyFilesBuildPhase section */

/* Begin PBXFileReference section */
		0A39A77F89F1AD3E0739A85A /* MarkWidget.swift */ = {isa = PBXFileReference; lastKnownFileType = sourcecode.swift; path = MarkWidget.swift; sourceTree = "<group>"; };
		1495274203C80C425D39CACF /* MarkWidget.appex */ = {isa = PBXFileReference; explicitFileType = "wrapper.app-extension"; includeInIndex = 0; path = MarkWidget.appex; sourceTree = BUILT_PRODUCTS_DIR; };
		1E24E6E0FAB593AD8A0A16F1 /* Mark.app */ = {isa = PBXFileReference; explicitFileType = wrapper.application; includeInIndex = 0; path = Mark.app; sourceTree = BUILT_PRODUCTS_DIR; };
		32BCF460EE7457C82A789AE0 /* MenuBarController.swift */ = {isa = PBXFileReference; lastKnownFileType = sourcecode.swift; path = MenuBarController.swift; sourceTree = "<group>"; };
		3363761D86289620303793DE /* Mark.entitlements */ = {isa = PBXFileReference; lastKnownFileType = text.plist.entitlements; path = Mark.entitlements; sourceTree = "<group>"; };
		387C6A098AE32BE043BE9477 /* main.swift */ = {isa = PBXFileReference; lastKnownFileType = sourcecode.swift; path = main.swift; sourceTree = "<group>"; };
		3C2AC6F09B7AA4D77EBDE604 /* Info.plist */ = {isa = PBXFileReference; lastKnownFileType = text.plist; path = Info.plist; sourceTree = "<group>"; };
		3DC5D01B77591BBB4B8F2C84 /* MarkIntents.swift */ = {isa = PBXFileReference; lastKnownFileType = sourcecode.swift; path = MarkIntents.swift; sourceTree = "<group>"; };
		41C5D95333A4D0C9DEE70AB2 /* ShortcutRecorderView.swift */ = {isa = PBXFileReference; lastKnownFileType = sourcecode.swift; path = ShortcutRecorderView.swift; sourceTree = "<group>"; };
		48CF6595D8274E499BDF6E6C /* Info.plist */ = {isa = PBXFileReference; lastKnownFileType = text.plist; path = Info.plist; sourceTree = "<group>"; };
		619E05957901766D69564BFD /* ImgurUploader.swift */ = {isa = PBXFileReference; lastKnownFileType = sourcecode.swift; path = ImgurUploader.swift; sourceTree = "<group>"; };
		64F347362236DE7141E3FA32 /* de */ = {isa = PBXFileReference; lastKnownFileType = text.plist.strings; name = de; path = de.lproj/Localizable.strings; sourceTree = "<group>"; };
		66F5E22F8CA7C51E9BC63DD6 /* PrivacyService.swift */ = {isa = PBXFileReference; lastKnownFileType = sourcecode.swift; path = PrivacyService.swift; sourceTree = "<group>"; };
		72909691FBB3AEF978821C01 /* Accessibility.swift */ = {isa = PBXFileReference; lastKnownFileType = sourcecode.swift; path = Accessibility.swift; sourceTree = "<group>"; };
		75DE80A991BDD4DE2B5532F5 /* fr */ = {isa = PBXFileReference; lastKnownFileType = text.plist.strings; name = fr; path = fr.lproj/Localizable.strings; sourceTree = "<group>"; };
		776BF17670D69F76ACBA9FB4 /* AppDelegate.swift */ = {isa = PBXFileReference; lastKnownFileType = sourcecode.swift; path = AppDelegate.swift; sourceTree = "<group>"; };
		7B42A2A364CA0F69EDDF273C /* ExportService.swift */ = {isa = PBXFileReference; lastKnownFileType = sourcecode.swift; path = ExportService.swift; sourceTree = "<group>"; };
		7D1AB479AE99ABB1B5962CF2 /* en */ = {isa = PBXFileReference; lastKnownFileType = text.plist.strings; name = en; path = en.lproj/Localizable.strings; sourceTree = "<group>"; };
		8A6657FA49167004A749E5F4 /* es */ = {isa = PBXFileReference; lastKnownFileType = text.plist.strings; name = es; path = es.lproj/Localizable.strings; sourceTree = "<group>"; };
		9DCE4825E59E9B2F422D37CA /* AnnotationService.swift */ = {isa = PBXFileReference; lastKnownFileType = sourcecode.swift; path = AnnotationService.swift; sourceTree = "<group>"; };
		A480231218C429E41D0BA956 /* Design.swift */ = {isa = PBXFileReference; lastKnownFileType = sourcecode.swift; path = Design.swift; sourceTree = "<group>"; };
		A4B8A16A02F0D4569D1E23FC /* HotKeyManager.swift */ = {isa = PBXFileReference; lastKnownFileType = sourcecode.swift; path = HotKeyManager.swift; sourceTree = "<group>"; };
		A8643A5F07B0FF06F00E0F8D /* MarkR12R15.swift */ = {isa = PBXFileReference; lastKnownFileType = sourcecode.swift; path = MarkR12R15.swift; sourceTree = "<group>"; };
		BA58B38677494EF463EFE85A /* SubscriptionTier.swift */ = {isa = PBXFileReference; lastKnownFileType = sourcecode.swift; path = SubscriptionTier.swift; sourceTree = "<group>"; };
		C050D1DA1E80525AEE7898F7 /* ICloudSyncService.swift */ = {isa = PBXFileReference; lastKnownFileType = sourcecode.swift; path = ICloudSyncService.swift; sourceTree = "<group>"; };
		C3D838EA20F9D9EE48B7E714 /* Theme.swift */ = {isa = PBXFileReference; lastKnownFileType = sourcecode.swift; path = Theme.swift; sourceTree = "<group>"; };
		C4F163A3618530C13A51DDC1 /* SubscriptionManager.swift */ = {isa = PBXFileReference; lastKnownFileType = sourcecode.swift; path = SubscriptionManager.swift; sourceTree = "<group>"; };
		CFC074083C29A3F44B634A03 /* CloudExportService.swift */ = {isa = PBXFileReference; lastKnownFileType = sourcecode.swift; path = CloudExportService.swift; sourceTree = "<group>"; };
		D19C5250860C07AEC7EC1D6C /* OnboardingViewController.swift */ = {isa = PBXFileReference; lastKnownFileType = sourcecode.swift; path = OnboardingViewController.swift; sourceTree = "<group>"; };
		D1C4A2CAE47560AF207D0E82 /* SettingsStore.swift */ = {isa = PBXFileReference; lastKnownFileType = sourcecode.swift; path = SettingsStore.swift; sourceTree = "<group>"; };
		E3FA2E273FBEE9DF4C5B395C /* Assets.xcassets */ = {isa = PBXFileReference; lastKnownFileType = folder.assetcatalog; path = Assets.xcassets; sourceTree = "<group>"; };
		F499D6862147834D01D1DA2A /* zh-Hans */ = {isa = PBXFileReference; lastKnownFileType = text.plist.strings; name = "zh-Hans"; path = "zh-Hans.lproj/Localizable.strings"; sourceTree = "<group>"; };
		F7C566F92305D14E9F8DC138 /* Assets.xcassets */ = {isa = PBXFileReference; lastKnownFileType = folder.assetcatalog; path = Assets.xcassets; sourceTree = "<group>"; };
		F8F31D7B042E5A61A95CB61C /* ja */ = {isa = PBXFileReference; lastKnownFileType = text.plist.strings; name = ja; path = ja.lproj/Localizable.strings; sourceTree = "<group>"; };
/* End PBXFileReference section */

/* Begin PBXGroup section */
		2004C2436CF2F885A748A4C9 = {
			isa = PBXGroup;
			children = (
				A2A5D327EB123C478EE9A843 /* MarkWidget */,
				2DDB0083D8415570075AA3D0 /* Sources */,
				2AB47B7281B23E9A3E89C7DD /* Products */,
			);
			sourceTree = "<group>";
		};
		2AB47B7281B23E9A3E89C7DD /* Products */ = {
			isa = PBXGroup;
			children = (
				1E24E6E0FAB593AD8A0A16F1 /* Mark.app */,
				1495274203C80C425D39CACF /* MarkWidget.appex */,
			);
			name = Products;
			sourceTree = "<group>";
		};
		2DDB0083D8415570075AA3D0 /* Sources */ = {
			isa = PBXGroup;
			children = (
				72909691FBB3AEF978821C01 /* Accessibility.swift */,
				9DCE4825E59E9B2F422D37CA /* AnnotationService.swift */,
				776BF17670D69F76ACBA9FB4 /* AppDelegate.swift */,
				F7C566F92305D14E9F8DC138 /* Assets.xcassets */,
				CFC074083C29A3F44B634A03 /* CloudExportService.swift */,
				A480231218C429E41D0BA956 /* Design.swift */,
				7B42A2A364CA0F69EDDF273C /* ExportService.swift */,
				A4B8A16A02F0D4569D1E23FC /* HotKeyManager.swift */,
				C050D1DA1E80525AEE7898F7 /* ICloudSyncService.swift */,
				619E05957901766D69564BFD /* ImgurUploader.swift */,
				3C2AC6F09B7AA4D77EBDE604 /* Info.plist */,
				387C6A098AE32BE043BE9477 /* main.swift */,
				3363761D86289620303793DE /* Mark.entitlements */,
				3DC5D01B77591BBB4B8F2C84 /* MarkIntents.swift */,
				32BCF460EE7457C82A789AE0 /* MenuBarController.swift */,
				D19C5250860C07AEC7EC1D6C /* OnboardingViewController.swift */,
				D1C4A2CAE47560AF207D0E82 /* SettingsStore.swift */,
				41C5D95333A4D0C9DEE70AB2 /* ShortcutRecorderView.swift */,
				C3D838EA20F9D9EE48B7E714 /* Theme.swift */,
				5708739AC154C7E266B90B00 /* Models */,
				9182A462F68FC99494432930 /* Resources */,
				AB3617152F31711CD802C812 /* Services */,
			);
			path = Sources;
			sourceTree = "<group>";
		};
		5708739AC154C7E266B90B00 /* Models */ = {
			isa = PBXGroup;
			children = (
				A8643A5F07B0FF06F00E0F8D /* MarkR12R15.swift */,
				BA58B38677494EF463EFE85A /* SubscriptionTier.swift */,
			);
			path = Models;
			sourceTree = "<group>";
		};
		9182A462F68FC99494432930 /* Resources */ = {
			isa = PBXGroup;
			children = (
				FCB3675A81505619A643984F /* Localizable.strings */,
			);
			path = Resources;
			sourceTree = "<group>";
		};
		A2A5D327EB123C478EE9A843 /* MarkWidget */ = {
			isa = PBXGroup;
			children = (
				E3FA2E273FBEE9DF4C5B395C /* Assets.xcassets */,
				48CF6595D8274E499BDF6E6C /* Info.plist */,
				0A39A77F89F1AD3E0739A85A /* MarkWidget.swift */,
			);
			path = MarkWidget;
			sourceTree = "<group>";
		};
		AB3617152F31711CD802C812 /* Services */ = {
			isa = PBXGroup;
			children = (
				66F5E22F8CA7C51E9BC63DD6 /* PrivacyService.swift */,
				C4F163A3618530C13A51DDC1 /* SubscriptionManager.swift */,
			);
			path = Services;
			sourceTree = "<group>";
		};
/* End PBXGroup section */

/* Begin PBXNativeTarget section */
		48FC5AFF3DF260B5EFE9838C /* MarkWidget */ = {
			isa = PBXNativeTarget;
			buildConfigurationList = 603F7D76FD32CEF3D5F5D6AE /* Build configuration list for PBXNativeTarget "MarkWidget" */;
			buildPhases = (
				DCACCDDFC7B3600A1AF56B68 /* Sources */,
				81AA68BFBC097ACA79D289A3 /* Resources */,
			);
			buildRules = (
			);
			dependencies = (
			);
			name = MarkWidget;
			productName = MarkWidget;
			productReference = 1495274203C80C425D39CACF /* MarkWidget.appex */;
			productType = "com.apple.product-type.app-extension";
		};
		97F16661D87E242A6AB19429 /* Mark */ = {
			isa = PBXNativeTarget;
			buildConfigurationList = 985D5D8059B24416D564B280 /* Build configuration list for PBXNativeTarget "Mark" */;
			buildPhases = (
				A8AE6A983E32F287F062D7CD /* Sources */,
				22C46337F2C286B7A9264E4B /* Resources */,
				F541A09427FFDF7F272C42D5 /* Embed Foundation Extensions */,
			);
			buildRules = (
			);
			dependencies = (
				C4FCB348FA1FDAF25D6CD608 /* PBXTargetDependency */,
			);
			name = Mark;
			productName = Mark;
			productReference = 1E24E6E0FAB593AD8A0A16F1 /* Mark.app */;
			productType = "com.apple.product-type.application";
		};
/* End PBXNativeTarget section */

/* Begin PBXProject section */
		0C51B10989F2DFBB9934ACA7 /* Project object */ = {
			isa = PBXProject;
			attributes = {
				BuildIndependentTargetsInParallel = YES;
				LastUpgradeCheck = 1500;
				TargetAttributes = {
					48FC5AFF3DF260B5EFE9838C = {
						ProvisioningStyle = Automatic;
					};
					97F16661D87E242A6AB19429 = {
						ProvisioningStyle = Automatic;
					};
				};
			};
			buildConfigurationList = B0AB7F535345C10F767384D5 /* Build configuration list for PBXProject "Mark" */;
			compatibilityVersion = "Xcode 14.0";
			developmentRegion = en;
			hasScannedForEncodings = 0;
			knownRegions = (
				Base,
				de,
				en,
				es,
				fr,
				ja,
				"zh-Hans",
			);
			mainGroup = 2004C2436CF2F885A748A4C9;
			projectDirPath = "";
			projectRoot = "";
			targets = (
				97F16661D87E242A6AB19429 /* Mark */,
				48FC5AFF3DF260B5EFE9838C /* MarkWidget */,
			);
		};
/* End PBXProject section */

/* Begin PBXResourcesBuildPhase section */
		22C46337F2C286B7A9264E4B /* Resources */ = {
			isa = PBXResourcesBuildPhase;
			buildActionMask = 2147483647;
			files = (
				2F7F58B024C4515444695A19 /* Assets.xcassets in Resources */,
				D2EA435FDB228B3D26EB9A51 /* Localizable.strings in Resources */,
			);
			runOnlyForDeploymentPostprocessing = 0;
		};
		81AA68BFBC097ACA79D289A3 /* Resources */ = {
			isa = PBXResourcesBuildPhase;
			buildActionMask = 2147483647;
			files = (
				31EEF6B86E926829D0892E3B /* Assets.xcassets in Resources */,
			);
			runOnlyForDeploymentPostprocessing = 0;
		};
/* End PBXResourcesBuildPhase section */

/* Begin PBXSourcesBuildPhase section */
		A8AE6A983E32F287F062D7CD /* Sources */ = {
			isa = PBXSourcesBuildPhase;
			buildActionMask = 2147483647;
			files = (
				9365B220BB816CA5A97D3D68 /* Accessibility.swift in Sources */,
				7490C34381B6FE128DC3C805 /* AnnotationService.swift in Sources */,
				B98E8745E9981FFE77D3AA8D /* AppDelegate.swift in Sources */,
				60C82377DF7DA9ADC40B12D4 /* CloudExportService.swift in Sources */,
				BDAC56852D1FA4B3064975CB /* Design.swift in Sources */,
				1BCC4EE0C990B85D2DC1D1A0 /* ExportService.swift in Sources */,
				4E420A18A3C226B7390E5351 /* HotKeyManager.swift in Sources */,
				7A3A8797D38C33D93107DA5E /* ICloudSyncService.swift in Sources */,
				4CBE58BC814D3E0ADBD2A7BE /* ImgurUploader.swift in Sources */,
				5429ED6E6AD8FD7169C27B8F /* MarkIntents.swift in Sources */,
				CCB33D46C951446277CE7EE0 /* MarkR12R15.swift in Sources */,
				3C41340A60CB4C32213E51B4 /* MenuBarController.swift in Sources */,
				AA17356EE186685CA983B210 /* OnboardingViewController.swift in Sources */,
				2E998E514703EC49FF3E2B3E /* PrivacyService.swift in Sources */,
				7017EDFFBBBA187765E2945A /* SettingsStore.swift in Sources */,
				EB04B31650A0936DA1257862 /* ShortcutRecorderView.swift in Sources */,
				60567623943DD7870B9BFC60 /* SubscriptionManager.swift in Sources */,
				AB8929C4A0E3EA0ADACD4A20 /* SubscriptionTier.swift in Sources */,
				0F30EC8CC6DC817E95748359 /* Theme.swift in Sources */,
				7C41CA2F387E445268A39E1D /* main.swift in Sources */,
			);
			runOnlyForDeploymentPostprocessing = 0;
		};
		DCACCDDFC7B3600A1AF56B68 /* Sources */ = {
			isa = PBXSourcesBuildPhase;
			buildActionMask = 2147483647;
			files = (
				FC0084C7DE56ECF0481EE7BE /* MarkWidget.swift in Sources */,
			);
			runOnlyForDeploymentPostprocessing = 0;
		};
/* End PBXSourcesBuildPhase section */

/* Begin PBXTargetDependency section */
		C4FCB348FA1FDAF25D6CD608 /* PBXTargetDependency */ = {
			isa = PBXTargetDependency;
			target = 48FC5AFF3DF260B5EFE9838C /* MarkWidget */;
			targetProxy = 355A6466B35F1342EDF3DAB1 /* PBXContainerItemProxy */;
		};
/* End PBXTargetDependency section */

/* Begin PBXVariantGroup section */
		FCB3675A81505619A643984F /* Localizable.strings */ = {
			isa = PBXVariantGroup;
			children = (
				64F347362236DE7141E3FA32 /* de */,
				7D1AB479AE99ABB1B5962CF2 /* en */,
				8A6657FA49167004A749E5F4 /* es */,
				75DE80A991BDD4DE2B5532F5 /* fr */,
				F8F31D7B042E5A61A95CB61C /* ja */,
				F499D6862147834D01D1DA2A /* zh-Hans */,
			);
			name = Localizable.strings;
			sourceTree = "<group>";
		};
/* End PBXVariantGroup section */

/* Begin XCBuildConfiguration section */
		4E499FCC1EF73B8147373656 /* Debug */ = {
			isa = XCBuildConfiguration;
			buildSettings = {
				ALWAYS_SEARCH_USER_PATHS = NO;
				CLANG_ANALYZER_NONNULL = YES;
				CLANG_ANALYZER_NUMBER_OBJECT_CONVERSION = YES_AGGRESSIVE;
				CLANG_CXX_LANGUAGE_STANDARD = "gnu++14";
				CLANG_CXX_LIBRARY = "libc++";
				CLANG_ENABLE_MODULES = YES;
				CLANG_ENABLE_OBJC_ARC = YES;
				CLANG_ENABLE_OBJC_WEAK = YES;
				CLANG_WARN_BLOCK_CAPTURE_AUTORELEASING = YES;
				CLANG_WARN_BOOL_CONVERSION = YES;
				CLANG_WARN_COMMA = YES;
				CLANG_WARN_CONSTANT_CONVERSION = YES;
				CLANG_WARN_DEPRECATED_OBJC_IMPLEMENTATIONS = YES;
				CLANG_WARN_DIRECT_OBJC_ISA_USAGE = YES_ERROR;
				CLANG_WARN_DOCUMENTATION_COMMENTS = YES;
				CLANG_WARN_EMPTY_BODY = YES;
				CLANG_WARN_ENUM_CONVERSION = YES;
				CLANG_WARN_INFINITE_RECURSION = YES;
				CLANG_WARN_INT_CONVERSION = YES;
				CLANG_WARN_NON_LITERAL_NULL_CONVERSION = YES;
				CLANG_WARN_OBJC_IMPLICIT_RETAIN_SELF = YES;
				CLANG_WARN_OBJC_LITERAL_CONVERSION = YES;
				CLANG_WARN_OBJC_ROOT_CLASS = YES_ERROR;
				CLANG_WARN_QUOTED_INCLUDE_IN_FRAMEWORK_HEADER = YES;
				CLANG_WARN_RANGE_LOOP_ANALYSIS = YES;
				CLANG_WARN_STRICT_PROTOTYPES = YES;
				CLANG_WARN_SUSPICIOUS_MOVE = YES;
				CLANG_WARN_UNGUARDED_AVAILABILITY = YES_AGGRESSIVE;
				CLANG_WARN_UNREACHABLE_CODE = YES;
				CLANG_WARN__DUPLICATE_METHOD_MATCH = YES;
				CODE_SIGN_STYLE = Automatic;
				COMBINE_HIDPI_IMAGES = YES;
				COPY_PHASE_STRIP = NO;
				CURRENT_PROJECT_VERSION = 1;
				DEBUG_INFORMATION_FORMAT = "dwarf-with-dsym";
				ENABLE_HARDENED_RUNTIME = YES;
				ENABLE_STRICT_OBJC_MSGSEND = YES;
				ENABLE_TESTABILITY = YES;
				GCC_C_LANGUAGE_STANDARD = gnu11;
				GCC_DYNAMIC_NO_PIC = NO;
				GCC_NO_COMMON_BLOCKS = YES;
				GCC_OPTIMIZATION_LEVEL = 0;
				GCC_PREPROCESSOR_DEFINITIONS = (
					"$(inherited)",
					"DEBUG=1",
				);
				GCC_WARN_64_TO_32_BIT_CONVERSION = YES;
				GCC_WARN_ABOUT_RETURN_TYPE = YES_ERROR;
				GCC_WARN_UNDECLARED_SELECTOR = YES;
				GCC_WARN_UNINITIALIZED_AUTOS = YES_AGGRESSIVE;
				GCC_WARN_UNUSED_FUNCTION = YES;
				GCC_WARN_UNUSED_VARIABLE = YES;
				MACOSX_DEPLOYMENT_TARGET = 13.0;
				MARKETING_VERSION = 1.0.0;
				MTL_ENABLE_DEBUG_INFO = INCLUDE_SOURCE;
				MTL_FAST_MATH = YES;
				ONLY_ACTIVE_ARCH = YES;
				PRODUCT_NAME = Mark;
				SDKROOT = macosx;
				SWIFT_ACTIVE_COMPILATION_CONDITIONS = DEBUG;
				SWIFT_OPTIMIZATION_LEVEL = "-Onone";
				SWIFT_VERSION = 5.9;
			};
			name = Debug;
		};
		67CAAE7164B57F0B4B67DB79 /* Release */ = {
			isa = XCBuildConfiguration;
			buildSettings = {
				ALWAYS_SEARCH_USER_PATHS = NO;
				CLANG_ANALYZER_NONNULL = YES;
				CLANG_ANALYZER_NUMBER_OBJECT_CONVERSION = YES_AGGRESSIVE;
				CLANG_CXX_LANGUAGE_STANDARD = "gnu++14";
				CLANG_CXX_LIBRARY = "libc++";
				CLANG_ENABLE_MODULES = YES;
				CLANG_ENABLE_OBJC_ARC = YES;
				CLANG_ENABLE_OBJC_WEAK = YES;
				CLANG_WARN_BLOCK_CAPTURE_AUTORELEASING = YES;
				CLANG_WARN_BOOL_CONVERSION = YES;
				CLANG_WARN_COMMA = YES;
				CLANG_WARN_CONSTANT_CONVERSION = YES;
				CLANG_WARN_DEPRECATED_OBJC_IMPLEMENTATIONS = YES;
				CLANG_WARN_DIRECT_OBJC_ISA_USAGE = YES_ERROR;
				CLANG_WARN_DOCUMENTATION_COMMENTS = YES;
				CLANG_WARN_EMPTY_BODY = YES;
				CLANG_WARN_ENUM_CONVERSION = YES;
				CLANG_WARN_INFINITE_RECURSION = YES;
				CLANG_WARN_INT_CONVERSION = YES;
				CLANG_WARN_NON_LITERAL_NULL_CONVERSION = YES;
				CLANG_WARN_OBJC_IMPLICIT_RETAIN_SELF = YES;
				CLANG_WARN_OBJC_LITERAL_CONVERSION = YES;
				CLANG_WARN_OBJC_ROOT_CLASS = YES_ERROR;
				CLANG_WARN_QUOTED_INCLUDE_IN_FRAMEWORK_HEADER = YES;
				CLANG_WARN_RANGE_LOOP_ANALYSIS = YES;
				CLANG_WARN_STRICT_PROTOTYPES = YES;
				CLANG_WARN_SUSPICIOUS_MOVE = YES;
				CLANG_WARN_UNGUARDED_AVAILABILITY = YES_AGGRESSIVE;
				CLANG_WARN_UNREACHABLE_CODE = YES;
				CLANG_WARN__DUPLICATE_METHOD_MATCH = YES;
				CODE_SIGN_STYLE = Automatic;
				COMBINE_HIDPI_IMAGES = YES;
				COPY_PHASE_STRIP = NO;
				CURRENT_PROJECT_VERSION = 1;
				DEBUG_INFORMATION_FORMAT = "dwarf-with-dsym";
				ENABLE_HARDENED_RUNTIME = YES;
				ENABLE_NS_ASSERTIONS = NO;
				ENABLE_STRICT_OBJC_MSGSEND = YES;
				GCC_C_LANGUAGE_STANDARD = gnu11;
				GCC_NO_COMMON_BLOCKS = YES;
				GCC_WARN_64_TO_32_BIT_CONVERSION = YES;
				GCC_WARN_ABOUT_RETURN_TYPE = YES_ERROR;
				GCC_WARN_UNDECLARED_SELECTOR = YES;
				GCC_WARN_UNINITIALIZED_AUTOS = YES_AGGRESSIVE;
				GCC_WARN_UNUSED_FUNCTION = YES;
				GCC_WARN_UNUSED_VARIABLE = YES;
				MACOSX_DEPLOYMENT_TARGET = 13.0;
				MARKETING_VERSION = 1.0.0;
				MTL_ENABLE_DEBUG_INFO = NO;
				MTL_FAST_MATH = YES;
				PRODUCT_NAME = Mark;
				SDKROOT = macosx;
				SWIFT_COMPILATION_MODE = wholemodule;
				SWIFT_OPTIMIZATION_LEVEL = "-O";
				SWIFT_VERSION = 5.9;
			};
			name = Release;
		};
		6CD2ED79A28C5E53B44E50D3 /* Debug */ = {
			isa = XCBuildConfiguration;
			buildSettings = {
				ASSETCATALOG_COMPILER_APPICON_NAME = AppIcon;
				CODE_SIGN_ENTITLEMENTS = Sources/Mark.entitlements;
				COMBINE_HIDPI_IMAGES = YES;
				GENERATE_INFOPLIST_FILE = NO;
				INFOPLIST_FILE = Sources/Info.plist;
				LD_RUNPATH_SEARCH_PATHS = "@executable_path/../Frameworks";
				PRODUCT_BUNDLE_IDENTIFIER = com.mark.macos;
				SDKROOT = macosx;
			};
			name = Debug;
		};
		BD03F3F9E275D5061F678174 /* Debug */ = {
			isa = XCBuildConfiguration;
			buildSettings = {
				ASSETCATALOG_COMPILER_APPICON_NAME = AppIcon;
				COMBINE_HIDPI_IMAGES = YES;
				GENERATE_INFOPLIST_FILE = NO;
				INFOPLIST_FILE = MarkWidget/Info.plist;
				LD_RUNPATH_SEARCH_PATHS = "@executable_path/../Frameworks @executable_path/../../../../Frameworks";
				MACOSX_DEPLOYMENT_TARGET = 14.0;
				PRODUCT_BUNDLE_IDENTIFIER = com.mark.macos.widget;
				PRODUCT_MODULE_NAME = MarkWidget;
				PRODUCT_NAME = MarkWidget;
				SDKROOT = macosx;
				SKIP_INSTALL = YES;
			};
			name = Debug;
		};
		D6EBAA0D3800DEC0AE9B0EC9 /* Release */ = {
			isa = XCBuildConfiguration;
			buildSettings = {
				ASSETCATALOG_COMPILER_APPICON_NAME = AppIcon;
				COMBINE_HIDPI_IMAGES = YES;
				GENERATE_INFOPLIST_FILE = NO;
				INFOPLIST_FILE = MarkWidget/Info.plist;
				LD_RUNPATH_SEARCH_PATHS = "@executable_path/../Frameworks @executable_path/../../../../Frameworks";
				MACOSX_DEPLOYMENT_TARGET = 14.0;
				PRODUCT_BUNDLE_IDENTIFIER = com.mark.macos.widget;
				PRODUCT_MODULE_NAME = MarkWidget;
				PRODUCT_NAME = MarkWidget;
				SDKROOT = macosx;
				SKIP_INSTALL = YES;
			};
			name = Release;
		};
		EBB316C04BAFA061E20A9E5A /* Release */ = {
			isa = XCBuildConfiguration;
			buildSettings = {
				ASSETCATALOG_COMPILER_APPICON_NAME = AppIcon;
				CODE_SIGN_ENTITLEMENTS = Sources/Mark.entitlements;
				COMBINE_HIDPI_IMAGES = YES;
				GENERATE_INFOPLIST_FILE = NO;
				INFOPLIST_FILE = Sources/Info.plist;
				LD_RUNPATH_SEARCH_PATHS = "@executable_path/../Frameworks";
				PRODUCT_BUNDLE_IDENTIFIER = com.mark.macos;
				SDKROOT = macosx;
			};
			name = Release;
		};
/* End XCBuildConfiguration section */

/* Begin XCConfigurationList section */
		603F7D76FD32CEF3D5F5D6AE /* Build configuration list for PBXNativeTarget "MarkWidget" */ = {
			isa = XCConfigurationList;
			buildConfigurations = (
				BD03F3F9E275D5061F678174 /* Debug */,
				D6EBAA0D3800DEC0AE9B0EC9 /* Release */,
			);
			defaultConfigurationIsVisible = 0;
			defaultConfigurationName = Debug;
		};
		985D5D8059B24416D564B280 /* Build configuration list for PBXNativeTarget "Mark" */ = {
			isa = XCConfigurationList;
			buildConfigurations = (
				6CD2ED79A28C5E53B44E50D3 /* Debug */,
				EBB316C04BAFA061E20A9E5A /* Release */,
			);
			defaultConfigurationIsVisible = 0;
			defaultConfigurationName = Debug;
		};
		B0AB7F535345C10F767384D5 /* Build configuration list for PBXProject "Mark" */ = {
			isa = XCConfigurationList;
			buildConfigurations = (
				4E499FCC1EF73B8147373656 /* Debug */,
				67CAAE7164B57F0B4B67DB79 /* Release */,
			);
			defaultConfigurationIsVisible = 0;
			defaultConfigurationName = Debug;
		};
/* End XCConfigurationList section */
	};
	rootObject = 0C51B10989F2DFBB9934ACA7 /* Project object */;
}
